
Microsoft Visual Studio Solution File, Format Version 12.00
# Visual Studio Version 16
VisualStudioVersion = 16.0.30717.126
MinimumVisualStudioVersion = 10.0.40219.1
Project("{2150E333-8FDC-42A3-9474-1A3956D46DE8}") = "Services", "Services", "{D5B5F9D7-0936-45C1-9429-E32EB5F52DBE}"
EndProject
Project("{2150E333-8FDC-42A3-9474-1A3956D46DE8}") = "WebApps", "WebApps", "{F9E62F65-803A-4974-A739-15689F6CF4D2}"
EndProject
Project("{2150E333-8FDC-42A3-9474-1A3956D46DE8}") = "Cadastros", "Cadastros", "{C86F9172-782E-4C67-BB35-53DDE147AD1B}"
EndProject
Project("{2150E333-8FDC-42A3-9474-1A3956D46DE8}") = "Catalogo", "Catalogo", "{DE03FEDA-BD83-49C5-8FF7-1A9DBDCB76B7}"
EndProject
Project("{2150E333-8FDC-42A3-9474-1A3956D46DE8}") = "Core", "Core", "{A8B396C2-1AA7-48C8-8863-4728354E8C55}"
EndProject
Project("{2150E333-8FDC-42A3-9474-1A3956D46DE8}") = "Fiscal", "Fiscal", "{07A1EC33-E8CC-4A8E-81E4-49BE925AD2AC}"
EndProject
Project("{2150E333-8FDC-42A3-9474-1A3956D46DE8}") = "Pagamentos", "Pagamentos", "{73896A27-2FA6-455B-9F68-10868A17DAC9}"
EndProject
Project("{2150E333-8FDC-42A3-9474-1A3956D46DE8}") = "Vendas", "Vendas", "{BD1C4891-6461-4C2B-AE45-5569AF7BD166}"
EndProject
Project("{9A19103F-16F7-4668-BE54-9A1E7A4F7556}") = "CalixtoStore.Catalogo.Domain", "src\CalixtoStore.Catalogo.Domain\CalixtoStore.Catalogo.Domain.csproj", "{8748D200-1142-4D29-B846-8B90591A6C54}"
EndProject
Project("{9A19103F-16F7-4668-BE54-9A1E7A4F7556}") = "CalixtoStore.Core", "src\CalixtoStore.Core\CalixtoStore.Core.csproj", "{3DA1B621-7DE2-4A6A-9453-D72B3C43EE0E}"
EndProject
Project("{2150E333-8FDC-42A3-9474-1A3956D46DE8}") = "Tests", "Tests", "{4F6602B0-1806-40EA-A376-6167E83EC623}"
EndProject
Project("{9A19103F-16F7-4668-BE54-9A1E7A4F7556}") = "CalixtoStore.Catalogo.Domain.Tests", "tests\CalixtoStore.Catalogo.Domain.Tests\CalixtoStore.Catalogo.Domain.Tests.csproj", "{E7449F37-990B-4D48-BE95-A5F92A734D83}"
EndProject
Project("{9A19103F-16F7-4668-BE54-9A1E7A4F7556}") = "CalixtoStore.Catalogo.Database", "src\CalixtoStore.Catalogo.Database\CalixtoStore.Catalogo.Database.csproj", "{64D05629-8D1E-4711-9CB1-A62784D55A63}"
EndProject
Project("{9A19103F-16F7-4668-BE54-9A1E7A4F7556}") = "CalixtoStore.Catalogo.Application", "src\CalixtoStore.Catalogo.Application\CalixtoStore.Catalogo.Application.csproj", "{B1472958-FE08-463C-981C-0E312E01068A}"
EndProject
Project("{9A19103F-16F7-4668-BE54-9A1E7A4F7556}") = "CalixtoStore.WebApp.MVC", "src\CalixtoStore.WebApp.MVC\CalixtoStore.WebApp.MVC.csproj", "{23C6DB45-F87B-435D-9D00-98DADDCA40B5}"
EndProject
Project("{9A19103F-16F7-4668-BE54-9A1E7A4F7556}") = "CalixtoStore.Vendas.Domain", "src\CalixtoStore.Vendas.Domain\CalixtoStore.Vendas.Domain.csproj", "{11E51EF0-4228-43BE-8FE2-1B038D0B6D2B}"
EndProject
Project("{9A19103F-16F7-4668-BE54-9A1E7A4F7556}") = "CalixtoStore.Vendas.Application", "src\CalixtoStore.Vendas.Application\CalixtoStore.Vendas.Application.csproj", "{29C81FC5-9847-4908-AEC3-FBF7863D4E6D}"
EndProject
Project("{9A19103F-16F7-4668-BE54-9A1E7A4F7556}") = "CalixtoStore.Vendas.Database", "src\CalixtoStore.Vendas.Database\CalixtoStore.Vendas.Database.csproj", "{0321C1F4-7325-4CCB-AACD-1F736ACAB22D}"
EndProject
Project("{FAE04EC0-301F-11D3-BF4B-00C04F79EFBC}") = "CalixtoStore.Pagamentos.AntiCorruption", "src\CalixtoStore.Pagamentos.AntiCorruption\CalixtoStore.Pagamentos.AntiCorruption.csproj", "{0EE132B3-7EEC-4E1C-B80E-BFBBFB920C2D}"
EndProject
Project("{FAE04EC0-301F-11D3-BF4B-00C04F79EFBC}") = "CalixtoStore.Pagamentos.Business", "src\CalixtoStore.Pagamentos.Business\CalixtoStore.Pagamentos.Business.csproj", "{7A211446-4488-4001-A4E8-44FD0CE00431}"
EndProject
Project("{FAE04EC0-301F-11D3-BF4B-00C04F79EFBC}") = "CalixtoStore.Pagamentos.Data", "CalixtoStore.Pagamentos.Data\CalixtoStore.Pagamentos.Data.csproj", "{B96EB204-C477-4A55-BEB4-C64ED8D4E997}"
EndProject
Global
	GlobalSection(SolutionConfigurationPlatforms) = preSolution
		Debug|Any CPU = Debug|Any CPU
		Release|Any CPU = Release|Any CPU
	EndGlobalSection
	GlobalSection(ProjectConfigurationPlatforms) = postSolution
		{8748D200-1142-4D29-B846-8B90591A6C54}.Debug|Any CPU.ActiveCfg = Debug|Any CPU
		{8748D200-1142-4D29-B846-8B90591A6C54}.Debug|Any CPU.Build.0 = Debug|Any CPU
		{8748D200-1142-4D29-B846-8B90591A6C54}.Release|Any CPU.ActiveCfg = Release|Any CPU
		{8748D200-1142-4D29-B846-8B90591A6C54}.Release|Any CPU.Build.0 = Release|Any CPU
		{3DA1B621-7DE2-4A6A-9453-D72B3C43EE0E}.Debug|Any CPU.ActiveCfg = Debug|Any CPU
		{3DA1B621-7DE2-4A6A-9453-D72B3C43EE0E}.Debug|Any CPU.Build.0 = Debug|Any CPU
		{3DA1B621-7DE2-4A6A-9453-D72B3C43EE0E}.Release|Any CPU.ActiveCfg = Release|Any CPU
		{3DA1B621-7DE2-4A6A-9453-D72B3C43EE0E}.Release|Any CPU.Build.0 = Release|Any CPU
		{E7449F37-990B-4D48-BE95-A5F92A734D83}.Debug|Any CPU.ActiveCfg = Debug|Any CPU
		{E7449F37-990B-4D48-BE95-A5F92A734D83}.Debug|Any CPU.Build.0 = Debug|Any CPU
		{E7449F37-990B-4D48-BE95-A5F92A734D83}.Release|Any CPU.ActiveCfg = Release|Any CPU
		{E7449F37-990B-4D48-BE95-A5F92A734D83}.Release|Any CPU.Build.0 = Release|Any CPU
		{64D05629-8D1E-4711-9CB1-A62784D55A63}.Debug|Any CPU.ActiveCfg = Debug|Any CPU
		{64D05629-8D1E-4711-9CB1-A62784D55A63}.Debug|Any CPU.Build.0 = Debug|Any CPU
		{64D05629-8D1E-4711-9CB1-A62784D55A63}.Release|Any CPU.ActiveCfg = Release|Any CPU
		{64D05629-8D1E-4711-9CB1-A62784D55A63}.Release|Any CPU.Build.0 = Release|Any CPU
		{B1472958-FE08-463C-981C-0E312E01068A}.Debug|Any CPU.ActiveCfg = Debug|Any CPU
		{B1472958-FE08-463C-981C-0E312E01068A}.Debug|Any CPU.Build.0 = Debug|Any CPU
		{B1472958-FE08-463C-981C-0E312E01068A}.Release|Any CPU.ActiveCfg = Release|Any CPU
		{B1472958-FE08-463C-981C-0E312E01068A}.Release|Any CPU.Build.0 = Release|Any CPU
		{23C6DB45-F87B-435D-9D00-98DADDCA40B5}.Debug|Any CPU.ActiveCfg = Debug|Any CPU
		{23C6DB45-F87B-435D-9D00-98DADDCA40B5}.Debug|Any CPU.Build.0 = Debug|Any CPU
		{23C6DB45-F87B-435D-9D00-98DADDCA40B5}.Release|Any CPU.ActiveCfg = Release|Any CPU
		{23C6DB45-F87B-435D-9D00-98DADDCA40B5}.Release|Any CPU.Build.0 = Release|Any CPU
		{11E51EF0-4228-43BE-8FE2-1B038D0B6D2B}.Debug|Any CPU.ActiveCfg = Debug|Any CPU
		{11E51EF0-4228-43BE-8FE2-1B038D0B6D2B}.Debug|Any CPU.Build.0 = Debug|Any CPU
		{11E51EF0-4228-43BE-8FE2-1B038D0B6D2B}.Release|Any CPU.ActiveCfg = Release|Any CPU
		{11E51EF0-4228-43BE-8FE2-1B038D0B6D2B}.Release|Any CPU.Build.0 = Release|Any CPU
		{29C81FC5-9847-4908-AEC3-FBF7863D4E6D}.Debug|Any CPU.ActiveCfg = Debug|Any CPU
		{29C81FC5-9847-4908-AEC3-FBF7863D4E6D}.Debug|Any CPU.Build.0 = Debug|Any CPU
		{29C81FC5-9847-4908-AEC3-FBF7863D4E6D}.Release|Any CPU.ActiveCfg = Release|Any CPU
		{29C81FC5-9847-4908-AEC3-FBF7863D4E6D}.Release|Any CPU.Build.0 = Release|Any CPU
		{0321C1F4-7325-4CCB-AACD-1F736ACAB22D}.Debug|Any CPU.ActiveCfg = Debug|Any CPU
		{0321C1F4-7325-4CCB-AACD-1F736ACAB22D}.Debug|Any CPU.Build.0 = Debug|Any CPU
		{0321C1F4-7325-4CCB-AACD-1F736ACAB22D}.Release|Any CPU.ActiveCfg = Release|Any CPU
		{0321C1F4-7325-4CCB-AACD-1F736ACAB22D}.Release|Any CPU.Build.0 = Release|Any CPU
		{0EE132B3-7EEC-4E1C-B80E-BFBBFB920C2D}.Debug|Any CPU.ActiveCfg = Debug|Any CPU
		{0EE132B3-7EEC-4E1C-B80E-BFBBFB920C2D}.Debug|Any CPU.Build.0 = Debug|Any CPU
		{0EE132B3-7EEC-4E1C-B80E-BFBBFB920C2D}.Release|Any CPU.ActiveCfg = Release|Any CPU
		{0EE132B3-7EEC-4E1C-B80E-BFBBFB920C2D}.Release|Any CPU.Build.0 = Release|Any CPU
		{7A211446-4488-4001-A4E8-44FD0CE00431}.Debug|Any CPU.ActiveCfg = Debug|Any CPU
		{7A211446-4488-4001-A4E8-44FD0CE00431}.Debug|Any CPU.Build.0 = Debug|Any CPU
		{7A211446-4488-4001-A4E8-44FD0CE00431}.Release|Any CPU.ActiveCfg = Release|Any CPU
		{7A211446-4488-4001-A4E8-44FD0CE00431}.Release|Any CPU.Build.0 = Release|Any CPU
		{B96EB204-C477-4A55-BEB4-C64ED8D4E997}.Debug|Any CPU.ActiveCfg = Debug|Any CPU
		{B96EB204-C477-4A55-BEB4-C64ED8D4E997}.Debug|Any CPU.Build.0 = Debug|Any CPU
		{B96EB204-C477-4A55-BEB4-C64ED8D4E997}.Release|Any CPU.ActiveCfg = Release|Any CPU
		{B96EB204-C477-4A55-BEB4-C64ED8D4E997}.Release|Any CPU.Build.0 = Release|Any CPU
	EndGlobalSection
	GlobalSection(SolutionProperties) = preSolution
		HideSolutionNode = FALSE
	EndGlobalSection
	GlobalSection(NestedProjects) = preSolution
		{C86F9172-782E-4C67-BB35-53DDE147AD1B} = {D5B5F9D7-0936-45C1-9429-E32EB5F52DBE}
		{DE03FEDA-BD83-49C5-8FF7-1A9DBDCB76B7} = {D5B5F9D7-0936-45C1-9429-E32EB5F52DBE}
		{A8B396C2-1AA7-48C8-8863-4728354E8C55} = {D5B5F9D7-0936-45C1-9429-E32EB5F52DBE}
		{07A1EC33-E8CC-4A8E-81E4-49BE925AD2AC} = {D5B5F9D7-0936-45C1-9429-E32EB5F52DBE}
		{73896A27-2FA6-455B-9F68-10868A17DAC9} = {D5B5F9D7-0936-45C1-9429-E32EB5F52DBE}
		{BD1C4891-6461-4C2B-AE45-5569AF7BD166} = {D5B5F9D7-0936-45C1-9429-E32EB5F52DBE}
		{8748D200-1142-4D29-B846-8B90591A6C54} = {DE03FEDA-BD83-49C5-8FF7-1A9DBDCB76B7}
		{3DA1B621-7DE2-4A6A-9453-D72B3C43EE0E} = {A8B396C2-1AA7-48C8-8863-4728354E8C55}
		{4F6602B0-1806-40EA-A376-6167E83EC623} = {DE03FEDA-BD83-49C5-8FF7-1A9DBDCB76B7}
		{E7449F37-990B-4D48-BE95-A5F92A734D83} = {4F6602B0-1806-40EA-A376-6167E83EC623}
		{64D05629-8D1E-4711-9CB1-A62784D55A63} = {DE03FEDA-BD83-49C5-8FF7-1A9DBDCB76B7}
		{B1472958-FE08-463C-981C-0E312E01068A} = {DE03FEDA-BD83-49C5-8FF7-1A9DBDCB76B7}
		{23C6DB45-F87B-435D-9D00-98DADDCA40B5} = {F9E62F65-803A-4974-A739-15689F6CF4D2}
		{11E51EF0-4228-43BE-8FE2-1B038D0B6D2B} = {BD1C4891-6461-4C2B-AE45-5569AF7BD166}
		{29C81FC5-9847-4908-AEC3-FBF7863D4E6D} = {BD1C4891-6461-4C2B-AE45-5569AF7BD166}
		{0321C1F4-7325-4CCB-AACD-1F736ACAB22D} = {BD1C4891-6461-4C2B-AE45-5569AF7BD166}
		{0EE132B3-7EEC-4E1C-B80E-BFBBFB920C2D} = {73896A27-2FA6-455B-9F68-10868A17DAC9}
		{7A211446-4488-4001-A4E8-44FD0CE00431} = {73896A27-2FA6-455B-9F68-10868A17DAC9}
		{B96EB204-C477-4A55-BEB4-C64ED8D4E997} = {73896A27-2FA6-455B-9F68-10868A17DAC9}
	EndGlobalSection
	GlobalSection(ExtensibilityGlobals) = postSolution
		SolutionGuid = {FDB312AC-3D27-441A-8116-D8F8BB581351}
	EndGlobalSection
EndGlobal
